// !$*UTF8*$!
{
	archiveVersion = 1;
	classes = {
	};
	objectVersion = 48;
	objects = {

/* Begin PBXBuildFile section */
		4B922743BC0A5EF327775E6F /* libPods-xinxinDemo.a in Frameworks */ = {isa = PBXBuildFile; fileRef = 25EF8DD68327E5C48E8072D3 /* libPods-xinxinDemo.a */; };
		C75AD8451FA8870E00FFF42E /* AppDelegate.m in Sources */ = {isa = PBXBuildFile; fileRef = C75AD8441FA8870E00FFF42E /* AppDelegate.m */; };
		C75AD8481FA8870E00FFF42E /* ViewController.m in Sources */ = {isa = PBXBuildFile; fileRef = C75AD8471FA8870E00FFF42E /* ViewController.m */; };
		C75AD84B1FA8870E00FFF42E /* Main.storyboard in Resources */ = {isa = PBXBuildFile; fileRef = C75AD8491FA8870E00FFF42E /* Main.storyboard */; };
		C75AD84D1FA8870E00FFF42E /* Assets.xcassets in Resources */ = {isa = PBXBuildFile; fileRef = C75AD84C1FA8870E00FFF42E /* Assets.xcassets */; };
		C75AD8501FA8870E00FFF42E /* LaunchScreen.storyboard in Resources */ = {isa = PBXBuildFile; fileRef = C75AD84E1FA8870E00FFF42E /* LaunchScreen.storyboard */; };
		C75AD8531FA8870E00FFF42E /* main.m in Sources */ = {isa = PBXBuildFile; fileRef = C75AD8521FA8870E00FFF42E /* main.m */; };
/* End PBXBuildFile section */

/* Begin PBXFileReference section */
		25EF8DD68327E5C48E8072D3 /* libPods-xinxinDemo.a */ = {isa = PBXFileReference; explicitFileType = archive.ar; includeInIndex = 0; path = "libPods-xinxinDemo.a"; sourceTree = BUILT_PRODUCTS_DIR; };
		B056E36840FECE6AB41BCCBD /* Pods-xinxinDemo.release.xcconfig */ = {isa = PBXFileReference; includeInIndex = 1; lastKnownFileType = text.xcconfig; name = "Pods-xinxinDemo.release.xcconfig"; path = "Pods/Target Support Files/Pods-xinxinDemo/Pods-xinxinDemo.release.xcconfig"; sourceTree = "<group>"; };
		BB7D2DD8A328D753CE39A4B1 /* Pods-xinxinDemo.debug.xcconfig */ = {isa = PBXFileReference; includeInIndex = 1; lastKnownFileType = text.xcconfig; name = "Pods-xinxinDemo.debug.xcconfig"; path = "Pods/Target Support Files/Pods-xinxinDemo/Pods-xinxinDemo.debug.xcconfig"; sourceTree = "<group>"; };
		C75AD8401FA8870E00FFF42E /* xinxinDemo.app */ = {isa = PBXFileReference; explicitFileType = wrapper.application; includeInIndex = 0; path = xinxinDemo.app; sourceTree = BUILT_PRODUCTS_DIR; };
		C75AD8431FA8870E00FFF42E /* AppDelegate.h */ = {isa = PBXFileReference; lastKnownFileType = sourcecode.c.h; path = AppDelegate.h; sourceTree = "<group>"; };
		C75AD8441FA8870E00FFF42E /* AppDelegate.m */ = {isa = PBXFileReference; lastKnownFileType = sourcecode.c.objc; path = AppDelegate.m; sourceTree = "<group>"; };
		C75AD8461FA8870E00FFF42E /* ViewController.h */ = {isa = PBXFileReference; lastKnownFileType = sourcecode.c.h; path = ViewController.h; sourceTree = "<group>"; };
		C75AD8471FA8870E00FFF42E /* ViewController.m */ = {isa = PBXFileReference; lastKnownFileType = sourcecode.c.objc; path = ViewController.m; sourceTree = "<group>"; };
		C75AD84A1FA8870E00FFF42E /* Base */ = {isa = PBXFileReference; lastKnownFileType = file.storyboard; name = Base; path = Base.lproj/Main.storyboard; sourceTree = "<group>"; };
		C75AD84C1FA8870E00FFF42E /* Assets.xcassets */ = {isa = PBXFileReference; lastKnownFileType = folder.assetcatalog; path = Assets.xcassets; sourceTree = "<group>"; };
		C75AD84F1FA8870E00FFF42E /* Base */ = {isa = PBXFileReference; lastKnownFileType = file.storyboard; name = Base; path = Base.lproj/LaunchScreen.storyboard; sourceTree = "<group>"; };
		C75AD8511FA8870E00FFF42E /* Info.plist */ = {isa = PBXFileReference; lastKnownFileType = text.plist.xml; path = Info.plist; sourceTree = "<group>"; };
		C75AD8521FA8870E00FFF42E /* main.m */ = {isa = PBXFileReference; lastKnownFileType = sourcecode.c.objc; path = main.m; sourceTree = "<group>"; };
/* End PBXFileReference section */

/* Begin PBXFrameworksBuildPhase section */
		C75AD83D1FA8870E00FFF42E /* Frameworks */ = {
			isa = PBXFrameworksBuildPhase;
			buildActionMask = 2147483647;
			files = (
				4B922743BC0A5EF327775E6F /* libPods-xinxinDemo.a in Frameworks */,
			);
			runOnlyForDeploymentPostprocessing = 0;
		};
/* End PBXFrameworksBuildPhase section */

/* Begin PBXGroup section */
		98F1BCC53A566B024321AA14 /* Frameworks */ = {
			isa = PBXGroup;
			children = (
				25EF8DD68327E5C48E8072D3 /* libPods-xinxinDemo.a */,
			);
			name = Frameworks;
			sourceTree = "<group>";
		};
		BB1640E301765F50A252B626 /* Pods */ = {
			isa = PBXGroup;
			children = (
				BB7D2DD8A328D753CE39A4B1 /* Pods-xinxinDemo.debug.xcconfig */,
				B056E36840FECE6AB41BCCBD /* Pods-xinxinDemo.release.xcconfig */,
			);
			name = Pods;
			sourceTree = "<group>";
		};
		C75AD8371FA8870E00FFF42E = {
			isa = PBXGroup;
			children = (
				C75AD8421FA8870E00FFF42E /* xinxinDemo */,
				C75AD8411FA8870E00FFF42E /* Products */,
				BB1640E301765F50A252B626 /* Pods */,
				98F1BCC53A566B024321AA14 /* Frameworks */,
			);
			sourceTree = "<group>";
		};
		C75AD8411FA8870E00FFF42E /* Products */ = {
			isa = PBXGroup;
			children = (
				C75AD8401FA8870E00FFF42E /* xinxinDemo.app */,
			);
			name = Products;
			sourceTree = "<group>";
		};
		C75AD8421FA8870E00FFF42E /* xinxinDemo */ = {
			isa = PBXGroup;
			children = (
				C75AD8431FA8870E00FFF42E /* AppDelegate.h */,
				C75AD8441FA8870E00FFF42E /* AppDelegate.m */,
				C75AD8461FA8870E00FFF42E /* ViewController.h */,
				C75AD8471FA8870E00FFF42E /* ViewController.m */,
				C75AD8491FA8870E00FFF42E /* Main.storyboard */,
				C75AD84C1FA8870E00FFF42E /* Assets.xcassets */,
				C75AD84E1FA8870E00FFF42E /* LaunchScreen.storyboard */,
				C75AD8511FA8870E00FFF42E /* Info.plist */,
				C75AD8521FA8870E00FFF42E /* main.m */,
			);
			path = xinxinDemo;
			sourceTree = "<group>";
		};
/* End PBXGroup section */

/* Begin PBXNativeTarget section */
		C75AD83F1FA8870E00FFF42E /* xinxinDemo */ = {
			isa = PBXNativeTarget;
			buildConfigurationList = C75AD8561FA8870E00FFF42E /* Build configuration list for PBXNativeTarget "xinxinDemo" */;
			buildPhases = (
				EA286F578F880AAB57909DBB /* [CP] Check Pods Manifest.lock */,
				C75AD83C1FA8870E00FFF42E /* Sources */,
				C75AD83D1FA8870E00FFF42E /* Frameworks */,
				C75AD83E1FA8870E00FFF42E /* Resources */,
				95C21A1670E54EB01ED12EB3 /* [CP] Embed Pods Frameworks */,
				D1E7209AAD620643BE944838 /* [CP] Copy Pods Resources */,
			);
			buildRules = (
			);
			dependencies = (
			);
			name = xinxinDemo;
			productName = xinxinDemo;
			productReference = C75AD8401FA8870E00FFF42E /* xinxinDemo.app */;
			productType = "com.apple.product-type.application";
		};
/* End PBXNativeTarget section */

/* Begin PBXProject section */
		C75AD8381FA8870E00FFF42E /* Project object */ = {
			isa = PBXProject;
			attributes = {
				LastUpgradeCheck = 0900;
				ORGANIZATIONNAME = "个人工作室";
				TargetAttributes = {
					C75AD83F1FA8870E00FFF42E = {
						CreatedOnToolsVersion = 9.0.1;
						ProvisioningStyle = Automatic;
					};
				};
			};
			buildConfigurationList = C75AD83B1FA8870E00FFF42E /* Build configuration list for PBXProject "xinxinDemo" */;
			compatibilityVersion = "Xcode 8.0";
			developmentRegion = en;
			hasScannedForEncodings = 0;
			knownRegions = (
				en,
				Base,
			);
			mainGroup = C75AD8371FA8870E00FFF42E;
			productRefGroup = C75AD8411FA8870E00FFF42E /* Products */;
			projectDirPath = "";
			projectRoot = "";
			targets = (
				C75AD83F1FA8870E00FFF42E /* xinxinDemo */,
			);
		};
/* End PBXProject section */

/* Begin PBXResourcesBuildPhase section */
		C75AD83E1FA8870E00FFF42E /* Resources */ = {
			isa = PBXResourcesBuildPhase;
			buildActionMask = 2147483647;
			files = (
				C75AD8501FA8870E00FFF42E /* LaunchScreen.storyboard in Resources */,
				C75AD84D1FA8870E00FFF42E /* Assets.xcassets in Resources */,
				C75AD84B1FA8870E00FFF42E /* Main.storyboard in Resources */,
			);
			runOnlyForDeploymentPostprocessing = 0;
		};
/* End PBXResourcesBuildPhase section */

/* Begin PBXShellScriptBuildPhase section */
		95C21A1670E54EB01ED12EB3 /* [CP] Embed Pods Frameworks */ = {
			isa = PBXShellScriptBuildPhase;
			buildActionMask = 2147483647;
			files = (
			);
			inputPaths = (
			);
			name = "[CP] Embed Pods Frameworks";
			outputPaths = (
			);
			runOnlyForDeploymentPostprocessing = 0;
			shellPath = /bin/sh;
			shellScript = "\"${SRCROOT}/Pods/Target Support Files/Pods-xinxinDemo/Pods-xinxinDemo-frameworks.sh\"\n";
			showEnvVarsInLog = 0;
		};
		D1E7209AAD620643BE944838 /* [CP] Copy Pods Resources */ = {
			isa = PBXShellScriptBuildPhase;
			buildActionMask = 2147483647;
			files = (
			);
			inputPaths = (
				"${SRCROOT}/Pods/Target Support Files/Pods-xinxinDemo/Pods-xinxinDemo-resources.sh",
				"${PODS_ROOT}/MJRefresh/MJRefresh/MJRefresh.bundle",
			);
			name = "[CP] Copy Pods Resources";
			outputPaths = (
				"${TARGET_BUILD_DIR}/${UNLOCALIZED_RESOURCES_FOLDER_PATH}",
			);
			runOnlyForDeploymentPostprocessing = 0;
			shellPath = /bin/sh;
			shellScript = "\"${SRCROOT}/Pods/Target Support Files/Pods-xinxinDemo/Pods-xinxinDemo-resources.sh\"\n";
			showEnvVarsInLog = 0;
		};
		EA286F578F880AAB57909DBB /* [CP] Check Pods Manifest.lock */ = {
			isa = PBXShellScriptBuildPhase;
			buildActionMask = 2147483647;
			files = (
			);
			inputPaths = (
				"${PODS_PODFILE_DIR_PATH}/Podfile.lock",
				"${PODS_ROOT}/Manifest.lock",
			);
			name = "[CP] Check Pods Manifest.lock";
			outputPaths = (
				"$(DERIVED_FILE_DIR)/Pods-xinxinDemo-checkManifestLockResult.txt",
			);
			runOnlyForDeploymentPostprocessing = 0;
			shellPath = /bin/sh;
			shellScript = "diff \"${PODS_PODFILE_DIR_PATH}/Podfile.lock\" \"${PODS_ROOT}/Manifest.lock\" > /dev/null\nif [ $? != 0 ] ; then\n    # print error to STDERR\n    echo \"error: The sandbox is not in sync with the Podfile.lock. Run 'pod install' or update your CocoaPods installation.\" >&2\n    exit 1\nfi\n# This output is used by Xcode 'outputs' to avoid re-running this script phase.\necho \"SUCCESS\" > \"${SCRIPT_OUTPUT_FILE_0}\"\n";
			showEnvVarsInLog = 0;
		};
/* End PBXShellScriptBuildPhase section */

/* Begin PBXSourcesBuildPhase section */
		C75AD83C1FA8870E00FFF42E /* Sources */ = {
			isa = PBXSourcesBuildPhase;
			buildActionMask = 2147483647;
			files = (
				C75AD8481FA8870E00FFF42E /* ViewController.m in Sources */,
				C75AD8531FA8870E00FFF42E /* main.m in Sources */,
				C75AD8451FA8870E00FFF42E /* AppDelegate.m in Sources */,
			);
			runOnlyForDeploymentPostprocessing = 0;
		};
/* End PBXSourcesBuildPhase section */

/* Begin PBXVariantGroup section */
		C75AD8491FA8870E00FFF42E /* Main.storyboard */ = {
			isa = PBXVariantGroup;
			children = (
				C75AD84A1FA8870E00FFF42E /* Base */,
			);
			name = Main.storyboard;
			sourceTree = "<group>";
		};
		C75AD84E1FA8870E00FFF42E /* LaunchScreen.storyboard */ = {
			isa = PBXVariantGroup;
			children = (
				C75AD84F1FA8870E00FFF42E /* Base */,
			);
			name = LaunchScreen.storyboard;
			sourceTree = "<group>";
		};
/* End PBXVariantGroup section */

/* Begin XCBuildConfiguration section */
		C75AD8541FA8870E00FFF42E /* Debug */ = {
			isa = XCBuildConfiguration;
			buildSettings = {
				ALWAYS_SEARCH_USER_PATHS = NO;
				CLANG_ANALYZER_NONNULL = YES;
				CLANG_ANALYZER_NUMBER_OBJECT_CONVERSION = YES_AGGRESSIVE;
				CLANG_CXX_LANGUAGE_STANDARD = "gnu++14";
				CLANG_CXX_LIBRARY = "libc++";
				CLANG_ENABLE_MODULES = YES;
				CLANG_ENABLE_OBJC_ARC = YES;
				CLANG_WARN_BLOCK_CAPTURE_AUTORELEASING = YES;
				CLANG_WARN_BOOL_CONVERSION = YES;
				CLANG_WARN_COMMA = YES;
				CLANG_WARN_CONSTANT_CONVERSION = YES;
				CLANG_WARN_DIRECT_OBJC_ISA_USAGE = YES_ERROR;
				CLANG_WARN_DOCUMENTATION_COMMENTS = YES;
				CLANG_WARN_EMPTY_BODY = YES;
				CLANG_WARN_ENUM_CONVERSION = YES;
				CLANG_WARN_INFINITE_RECURSION = YES;
				CLANG_WARN_INT_CONVERSION = YES;
				CLANG_WARN_NON_LITERAL_NULL_CONVERSION = YES;
				CLANG_WARN_OBJC_LITERAL_CONVERSION = YES;
				CLANG_WARN_OBJC_ROOT_CLASS = YES_ERROR;
				CLANG_WARN_RANGE_LOOP_ANALYSIS = YES;
				CLANG_WARN_STRICT_PROTOTYPES = YES;
				CLANG_WARN_SUSPICIOUS_MOVE = YES;
				CLANG_WARN_UNGUARDED_AVAILABILITY = YES_AGGRESSIVE;
				CLANG_WARN_UNREACHABLE_CODE = YES;
				CLANG_WARN__DUPLICATE_METHOD_MATCH = YES;
				CODE_SIGN_IDENTITY = "iPhone Developer";
				COPY_PHASE_STRIP = NO;
				DEBUG_INFORMATION_FORMAT = dwarf;
				ENABLE_STRICT_OBJC_MSGSEND = YES;
				ENABLE_TESTABILITY = YES;
				GCC_C_LANGUAGE_STANDARD = gnu11;
				GCC_DYNAMIC_NO_PIC = NO;
				GCC_NO_COMMON_BLOCKS = YES;
				GCC_OPTIMIZATION_LEVEL = 0;
				GCC_PREPROCESSOR_DEFINITIONS = (
					"DEBUG=1",
					"$(inherited)",
				);
				GCC_WARN_64_TO_32_BIT_CONVERSION = YES;
				GCC_WARN_ABOUT_RETURN_TYPE = YES_ERROR;
				GCC_WARN_UNDECLARED_SELECTOR = YES;
				GCC_WARN_UNINITIALIZED_AUTOS = YES_AGGRESSIVE;
				GCC_WARN_UNUSED_FUNCTION = YES;
				GCC_WARN_UNUSED_VARIABLE = YES;
				IPHONEOS_DEPLOYMENT_TARGET = 11.0;
				MTL_ENABLE_DEBUG_INFO = YES;
				ONLY_ACTIVE_ARCH = YES;
				SDKROOT = iphoneos;
			};
			name = Debug;
		};
		C75AD8551FA8870E00FFF42E /* Release */ = {
			isa = XCBuildConfiguration;
			buildSettings = {
				ALWAYS_SEARCH_USER_PATHS = NO;
				CLANG_ANALYZER_NONNULL = YES;
				CLANG_ANALYZER_NUMBER_OBJECT_CONVERSION = YES_AGGRESSIVE;
				CLANG_CXX_LANGUAGE_STANDARD = "gnu++14";
				CLANG_CXX_LIBRARY = "libc++";
				CLANG_ENABLE_MODULES = YES;
				CLANG_ENABLE_OBJC_ARC = YES;
				CLANG_WARN_BLOCK_CAPTURE_AUTORELEASING = YES;
				CLANG_WARN_BOOL_CONVERSION = YES;
				CLANG_WARN_COMMA = YES;
				CLANG_WARN_CONSTANT_CONVERSION = YES;
				CLANG_WARN_DIRECT_OBJC_ISA_USAGE = YES_ERROR;
				CLANG_WARN_DOCUMENTATION_COMMENTS = YES;
				CLANG_WARN_EMPTY_BODY = YES;
				CLANG_WARN_ENUM_CONVERSION = YES;
				CLANG_WARN_INFINITE_RECURSION = YES;
				CLANG_WARN_INT_CONVERSION = YES;
				CLANG_WARN_NON_LITERAL_NULL_CONVERSION = YES;
				CLANG_WARN_OBJC_LITERAL_CONVERSION = YES;
				CLANG_WARN_OBJC_ROOT_CLASS = YES_ERROR;
				CLANG_WARN_RANGE_LOOP_ANALYSIS = YES;
				CLANG_WARN_STRICT_PROTOTYPES = YES;
				CLANG_WARN_SUSPICIOUS_MOVE = YES;
				CLANG_WARN_UNGUARDED_AVAILABILITY = YES_AGGRESSIVE;
				CLANG_WARN_UNREACHABLE_CODE = YES;
				CLANG_WARN__DUPLICATE_METHOD_MATCH = YES;
				CODE_SIGN_IDENTITY = "iPhone Developer";
				COPY_PHASE_STRIP = NO;
				DEBUG_INFORMATION_FORMAT = "dwarf-with-dsym";
				ENABLE_NS_ASSERTIONS = NO;
				ENABLE_STRICT_OBJC_MSGSEND = YES;
				GCC_C_LANGUAGE_STANDARD = gnu11;
				GCC_NO_COMMON_BLOCKS = YES;
				GCC_WARN_64_TO_32_BIT_CONVERSION = YES;
				GCC_WARN_ABOUT_RETURN_TYPE = YES_ERROR;
				GCC_WARN_UNDECLARED_SELECTOR = YES;
				GCC_WARN_UNINITIALIZED_AUTOS = YES_AGGRESSIVE;
				GCC_WARN_UNUSED_FUNCTION = YES;
				GCC_WARN_UNUSED_VARIABLE = YES;
				IPHONEOS_DEPLOYMENT_TARGET = 11.0;
				MTL_ENABLE_DEBUG_INFO = NO;
				SDKROOT = iphoneos;
				VALIDATE_PRODUCT = YES;
			};
			name = Release;
		};
		C75AD8571FA8870E00FFF42E /* Debug */ = {
			isa = XCBuildConfiguration;
			baseConfigurationReference = BB7D2DD8A328D753CE39A4B1 /* Pods-xinxinDemo.debug.xcconfig */;
			buildSettings = {
				ASSETCATALOG_COMPILER_APPICON_NAME = AppIcon;
				CODE_SIGN_STYLE = Automatic;
				DEVELOPMENT_TEAM = WA6ARNEXKM;
				INFOPLIST_FILE = xinxinDemo/Info.plist;
				IPHONEOS_DEPLOYMENT_TARGET = 8.0;
				LD_RUNPATH_SEARCH_PATHS = "$(inherited) @executable_path/Frameworks";
				PRODUCT_BUNDLE_IDENTIFIER = kuangzihan.xinxinDemo;
				PRODUCT_NAME = "$(TARGET_NAME)";
				TARGETED_DEVICE_FAMILY = "1,2";
			};
			name = Debug;
		};
		C75AD8581FA8870E00FFF42E /* Release */ = {
			isa = XCBuildConfiguration;
			baseConfigurationReference = B056E36840FECE6AB41BCCBD /* Pods-xinxinDemo.release.xcconfig */;
			buildSettings = {
				ASSETCATALOG_COMPILER_APPICON_NAME = AppIcon;
				CODE_SIGN_STYLE = Automatic;
				DEVELOPMENT_TEAM = WA6ARNEXKM;
				INFOPLIST_FILE = xinxinDemo/Info.plist;
				IPHONEOS_DEPLOYMENT_TARGET = 8.0;
				LD_RUNPATH_SEARCH_PATHS = "$(inherited) @executable_path/Frameworks";
				PRODUCT_BUNDLE_IDENTIFIER = kuangzihan.xinxinDemo;
				PRODUCT_NAME = "$(TARGET_NAME)";
				TARGETED_DEVICE_FAMILY = "1,2";
			};
			name = Release;
		};
/* End XCBuildConfiguration section */

/* Begin XCConfigurationList section */
		C75AD83B1FA8870E00FFF42E /* Build configuration list for PBXProject "xinxinDemo" */ = {
			isa = XCConfigurationList;
			buildConfigurations = (
				C75AD8541FA8870E00FFF42E /* Debug */,
				C75AD8551FA8870E00FFF42E /* Release */,
			);
			defaultConfigurationIsVisible = 0;
			defaultConfigurationName = Release;
		};
		C75AD8561FA8870E00FFF42E /* Build configuration list for PBXNativeTarget "xinxinDemo" */ = {
			isa = XCConfigurationList;
			buildConfigurations = (
				C75AD8571FA8870E00FFF42E /* Debug */,
				C75AD8581FA8870E00FFF42E /* Release */,
			);
			defaultConfigurationIsVisible = 0;
			defaultConfigurationName = Release;
		};
/* End XCConfigurationList section */
	};
	rootObject = C75AD8381FA8870E00FFF42E /* Project object */;
}
